github.com/meinside/version-go v0.0.2 h1:No8xR94DxOhnrp49M/RSbQ/eWTt1GcncmrJdk1nHtiM=
github.com/meinside/version-go v0.0.2/go.mod h1:mFvlwbro1E126u4rU727CcHNa8OPFyhq+KDYYNysFj4=
golang.org/x/text v0.14.0 h1:ScX5w1eTa3QqT8oi6+ziP7dTV1S2+ALU0bI+0zXKWiQ=
golang.org/x/text v0.14.0/go.mod h1:18ZOQIKpY8NJVqYksKHtTdi31H5itFRjB5/qKTNYzSU=
