github.com/meinside/version-go v0.0.2 h1:No8xR94DxOhnrp49M/RSbQ/eWTt1GcncmrJdk1nHtiM=
github.com/meinside/version-go v0.0.2/go.mod h1:mFvlwbro1E126u4rU727CcHNa8OPFyhq+KDYYNysFj4=
golang.org/x/text v0.9.0 h1:2sjJmO8cDvYveuX97RDLsxlyUxLl+GHoLxBiRdHllBE=
golang.org/x/text v0.9.0/go.mod h1:e1OnstbJyHTd6l/uOt8jFFHp6TRDWZR/bV3emEE/zU8=
